{
  "name": "web-widgets-template",
  "version": "0.1.1",
  "lockfileVersion": 1,
  "requires": true,
  "dependencies": {
    "gnv": {
      "version": "12.1.35",
      "resolved": "https://registry.npmjs.org/gnv/-/gnv-12.1.35.tgz",
      "integrity": "sha512-DDwU7BHMEP66VWbXGFU4IVucqtQx0vBHnNF2K8RO9YJg7av7LcXM9Pw5E/g38K7lX0gchYZF58kShjvBEUjkWw=="
    }
  }
}
