{
  "name": "web-widgets-template",
  "version": "0.1.1",
  "lockfileVersion": 1,
  "requires": true,
  "dependencies": {
    "gnv": {
      "version": "12.1.34",
      "resolved": "https://registry.npmjs.org/gnv/-/gnv-12.1.34.tgz",
      "integrity": "sha512-F1zGoTbd0C6xiB6JSwA5TI1ivXFm2k/g5QrhNgruIKO6xFzsHrdzLF96347v2BZESKqMfK4C+KnQDTmFzfdvSw=="
    }
  }
}
